
Microsoft Visual Studio Solution File, Format Version 12.00
# Visual Studio Version 16
VisualStudioVersion = 16.0.34114.132
MinimumVisualStudioVersion = 10.0.40219.1
Project("{FAE04EC0-301F-11D3-BF4B-00C04F79EFBC}") = "Enums", "Enums\Enums.csproj", "{ACFD4D59-B7F2-4D95-95AF-F678003CD977}"
EndProject
Global
	GlobalSection(SolutionConfigurationPlatforms) = preSolution
		Debug|Any CPU = Debug|Any CPU
		Release|Any CPU = Release|Any CPU
	EndGlobalSection
	GlobalSection(ProjectConfigurationPlatforms) = postSolution
		{ACFD4D59-B7F2-4D95-95AF-F678003CD977}.Debug|Any CPU.ActiveCfg = Debug|Any CPU
		{ACFD4D59-B7F2-4D95-95AF-F678003CD977}.Debug|Any CPU.Build.0 = Debug|Any CPU
		{ACFD4D59-B7F2-4D95-95AF-F678003CD977}.Release|Any CPU.ActiveCfg = Release|Any CPU
		{ACFD4D59-B7F2-4D95-95AF-F678003CD977}.Release|Any CPU.Build.0 = Release|Any CPU
	EndGlobalSection
	GlobalSection(SolutionProperties) = preSolution
		HideSolutionNode = FALSE
	EndGlobalSection
	GlobalSection(ExtensibilityGlobals) = postSolution
		SolutionGuid = {732B3E42-9A73-4D4F-A5CC-C1F415D11A56}
	EndGlobalSection
EndGlobal
