
Microsoft Visual Studio Solution File, Format Version 12.00
# Visual Studio Version 16
VisualStudioVersion = 16.0.34114.132
MinimumVisualStudioVersion = 10.0.40219.1
Project("{FAE04EC0-301F-11D3-BF4B-00C04F79EFBC}") = "Constructor", "Constructor\Constructor.csproj", "{C0B5C225-E14B-48F2-8CE7-D5B9AB2DED23}"
EndProject
Global
	GlobalSection(SolutionConfigurationPlatforms) = preSolution
		Debug|Any CPU = Debug|Any CPU
		Release|Any CPU = Release|Any CPU
	EndGlobalSection
	GlobalSection(ProjectConfigurationPlatforms) = postSolution
		{C0B5C225-E14B-48F2-8CE7-D5B9AB2DED23}.Debug|Any CPU.ActiveCfg = Debug|Any CPU
		{C0B5C225-E14B-48F2-8CE7-D5B9AB2DED23}.Debug|Any CPU.Build.0 = Debug|Any CPU
		{C0B5C225-E14B-48F2-8CE7-D5B9AB2DED23}.Release|Any CPU.ActiveCfg = Release|Any CPU
		{C0B5C225-E14B-48F2-8CE7-D5B9AB2DED23}.Release|Any CPU.Build.0 = Release|Any CPU
	EndGlobalSection
	GlobalSection(SolutionProperties) = preSolution
		HideSolutionNode = FALSE
	EndGlobalSection
	GlobalSection(ExtensibilityGlobals) = postSolution
		SolutionGuid = {3F56A9CA-9C42-4661-97E9-5489B1B7BD32}
	EndGlobalSection
EndGlobal
